
Microsoft Visual Studio Solution File, Format Version 12.00
# Visual Studio Version 16
VisualStudioVersion = 16.0.30011.22
MinimumVisualStudioVersion = 10.0.40219.1
Project("{888888A0-9F3D-457C-B088-3A5042F75D52}") = "Shift_AndPython", "Shift_AndPython.pyproj", "{1C4ED003-23CC-4CCE-90EA-0F18E044F719}"
EndProject
Global
	GlobalSection(SolutionConfigurationPlatforms) = preSolution
		Debug|Any CPU = Debug|Any CPU
		Release|Any CPU = Release|Any CPU
	EndGlobalSection
	GlobalSection(ProjectConfigurationPlatforms) = postSolution
		{1C4ED003-23CC-4CCE-90EA-0F18E044F719}.Debug|Any CPU.ActiveCfg = Debug|Any CPU
		{1C4ED003-23CC-4CCE-90EA-0F18E044F719}.Release|Any CPU.ActiveCfg = Release|Any CPU
	EndGlobalSection
	GlobalSection(SolutionProperties) = preSolution
		HideSolutionNode = FALSE
	EndGlobalSection
	GlobalSection(ExtensibilityGlobals) = postSolution
		SolutionGuid = {CABA8A98-3B7B-45ED-8948-BF9CFCE4E08A}
	EndGlobalSection
EndGlobal
